
Microsoft Visual Studio Solution File, Format Version 12.00
# Visual Studio Version 16
VisualStudioVersion = 16.0.29411.108
MinimumVisualStudioVersion = 10.0.40219.1
Project("{FAE04EC0-301F-11D3-BF4B-00C04F79EFBC}") = "dostavka.Android", "dostavka\dostavka.Android\dostavka.Android.csproj", "{882E49F7-F2D0-4790-9465-565C007C3DB3}"
EndProject
Project("{FAE04EC0-301F-11D3-BF4B-00C04F79EFBC}") = "dostavka", "dostavka\dostavka\dostavka.csproj", "{32D4B5DE-9E40-45A2-A4D6-67FA60DE0776}"
EndProject
Global
	GlobalSection(SolutionConfigurationPlatforms) = preSolution
		Debug|Any CPU = Debug|Any CPU
		Release|Any CPU = Release|Any CPU
	EndGlobalSection
	GlobalSection(ProjectConfigurationPlatforms) = postSolution
		{882E49F7-F2D0-4790-9465-565C007C3DB3}.Debug|Any CPU.ActiveCfg = Debug|Any CPU
		{882E49F7-F2D0-4790-9465-565C007C3DB3}.Debug|Any CPU.Build.0 = Debug|Any CPU
		{882E49F7-F2D0-4790-9465-565C007C3DB3}.Debug|Any CPU.Deploy.0 = Debug|Any CPU
		{882E49F7-F2D0-4790-9465-565C007C3DB3}.Release|Any CPU.ActiveCfg = Release|Any CPU
		{882E49F7-F2D0-4790-9465-565C007C3DB3}.Release|Any CPU.Build.0 = Release|Any CPU
		{882E49F7-F2D0-4790-9465-565C007C3DB3}.Release|Any CPU.Deploy.0 = Release|Any CPU
		{32D4B5DE-9E40-45A2-A4D6-67FA60DE0776}.Debug|Any CPU.ActiveCfg = Debug|Any CPU
		{32D4B5DE-9E40-45A2-A4D6-67FA60DE0776}.Debug|Any CPU.Build.0 = Debug|Any CPU
		{32D4B5DE-9E40-45A2-A4D6-67FA60DE0776}.Debug|Any CPU.Deploy.0 = Debug|Any CPU
		{32D4B5DE-9E40-45A2-A4D6-67FA60DE0776}.Release|Any CPU.ActiveCfg = Release|Any CPU
		{32D4B5DE-9E40-45A2-A4D6-67FA60DE0776}.Release|Any CPU.Build.0 = Release|Any CPU
		{32D4B5DE-9E40-45A2-A4D6-67FA60DE0776}.Release|Any CPU.Deploy.0 = Release|Any CPU
	EndGlobalSection
	GlobalSection(SolutionProperties) = preSolution
		HideSolutionNode = FALSE
	EndGlobalSection
	GlobalSection(ExtensibilityGlobals) = postSolution
		SolutionGuid = {EB309421-3089-4977-8258-A701503D1A57}
	EndGlobalSection
EndGlobal
